// !$*UTF8*$!
{
	archiveVersion = 1;
	classes = {
	};
	objectVersion = 46;
	objects = {

/* Begin PBXBuildFile section */
		EA61223919333EC100309C01 /* Foundation.framework in Frameworks */ = {isa = PBXBuildFile; fileRef = EA61223819333EC100309C01 /* Foundation.framework */; };
		EA61223B19333EC100309C01 /* CoreGraphics.framework in Frameworks */ = {isa = PBXBuildFile; fileRef = EA61223A19333EC100309C01 /* CoreGraphics.framework */; };
		EA61223D19333EC100309C01 /* UIKit.framework in Frameworks */ = {isa = PBXBuildFile; fileRef = EA61223C19333EC100309C01 /* UIKit.framework */; };
		EA61224319333EC100309C01 /* InfoPlist.strings in Resources */ = {isa = PBXBuildFile; fileRef = EA61224119333EC100309C01 /* InfoPlist.strings */; };
		EA61224519333EC100309C01 /* main.m in Sources */ = {isa = PBXBuildFile; fileRef = EA61224419333EC100309C01 /* main.m */; };
		EA61224919333EC100309C01 /* AppDelegate.m in Sources */ = {isa = PBXBuildFile; fileRef = EA61224819333EC100309C01 /* AppDelegate.m */; };
		EA61224C19333EC100309C01 /* Main.storyboard in Resources */ = {isa = PBXBuildFile; fileRef = EA61224A19333EC100309C01 /* Main.storyboard */; };
		EA61224F19333EC100309C01 /* ViewController.m in Sources */ = {isa = PBXBuildFile; fileRef = EA61224E19333EC100309C01 /* ViewController.m */; };
		EA61225119333EC100309C01 /* Images.xcassets in Resources */ = {isa = PBXBuildFile; fileRef = EA61225019333EC100309C01 /* Images.xcassets */; };
		EA61225819333EC200309C01 /* XCTest.framework in Frameworks */ = {isa = PBXBuildFile; fileRef = EA61225719333EC200309C01 /* XCTest.framework */; };
		EA61225919333EC200309C01 /* Foundation.framework in Frameworks */ = {isa = PBXBuildFile; fileRef = EA61223819333EC100309C01 /* Foundation.framework */; };
		EA61225A19333EC200309C01 /* UIKit.framework in Frameworks */ = {isa = PBXBuildFile; fileRef = EA61223C19333EC100309C01 /* UIKit.framework */; };
		EA61226219333EC200309C01 /* InfoPlist.strings in Resources */ = {isa = PBXBuildFile; fileRef = EA61226019333EC200309C01 /* InfoPlist.strings */; };
		EA61226419333EC200309C01 /* StopWatchTests.m in Sources */ = {isa = PBXBuildFile; fileRef = EA61226319333EC200309C01 /* StopWatchTests.m */; };
		EA61226E1933444900309C01 /* README.md in Resources */ = {isa = PBXBuildFile; fileRef = EA61226D1933444900309C01 /* README.md */; };
/* End PBXBuildFile section */

/* Begin PBXContainerItemProxy section */
		EA61225B19333EC200309C01 /* PBXContainerItemProxy */ = {
			isa = PBXContainerItemProxy;
			containerPortal = EA61222D19333EC100309C01 /* Project object */;
			proxyType = 1;
			remoteGlobalIDString = EA61223419333EC100309C01;
			remoteInfo = StopWatch;
		};
/* End PBXContainerItemProxy section */

/* Begin PBXFileReference section */
		EA61223519333EC100309C01 /* StopWatch.app */ = {isa = PBXFileReference; explicitFileType = wrapper.application; includeInIndex = 0; path = StopWatch.app; sourceTree = BUILT_PRODUCTS_DIR; };
		EA61223819333EC100309C01 /* Foundation.framework */ = {isa = PBXFileReference; lastKnownFileType = wrapper.framework; name = Foundation.framework; path = System/Library/Frameworks/Foundation.framework; sourceTree = SDKROOT; };
		EA61223A19333EC100309C01 /* CoreGraphics.framework */ = {isa = PBXFileReference; lastKnownFileType = wrapper.framework; name = CoreGraphics.framework; path = System/Library/Frameworks/CoreGraphics.framework; sourceTree = SDKROOT; };
		EA61223C19333EC100309C01 /* UIKit.framework */ = {isa = PBXFileReference; lastKnownFileType = wrapper.framework; name = UIKit.framework; path = System/Library/Frameworks/UIKit.framework; sourceTree = SDKROOT; };
		EA61224019333EC100309C01 /* StopWatch-Info.plist */ = {isa = PBXFileReference; lastKnownFileType = text.plist.xml; path = "StopWatch-Info.plist"; sourceTree = "<group>"; };
		EA61224219333EC100309C01 /* en */ = {isa = PBXFileReference; lastKnownFileType = text.plist.strings; name = en; path = en.lproj/InfoPlist.strings; sourceTree = "<group>"; };
		EA61224419333EC100309C01 /* main.m */ = {isa = PBXFileReference; lastKnownFileType = sourcecode.c.objc; path = main.m; sourceTree = "<group>"; };
		EA61224619333EC100309C01 /* StopWatch-Prefix.pch */ = {isa = PBXFileReference; lastKnownFileType = sourcecode.c.h; path = "StopWatch-Prefix.pch"; sourceTree = "<group>"; };
		EA61224719333EC100309C01 /* AppDelegate.h */ = {isa = PBXFileReference; lastKnownFileType = sourcecode.c.h; path = AppDelegate.h; sourceTree = "<group>"; };
		EA61224819333EC100309C01 /* AppDelegate.m */ = {isa = PBXFileReference; lastKnownFileType = sourcecode.c.objc; path = AppDelegate.m; sourceTree = "<group>"; };
		EA61224B19333EC100309C01 /* Base */ = {isa = PBXFileReference; lastKnownFileType = file.storyboard; name = Base; path = Base.lproj/Main.storyboard; sourceTree = "<group>"; };
		EA61224D19333EC100309C01 /* ViewController.h */ = {isa = PBXFileReference; lastKnownFileType = sourcecode.c.h; path = ViewController.h; sourceTree = "<group>"; };
		EA61224E19333EC100309C01 /* ViewController.m */ = {isa = PBXFileReference; lastKnownFileType = sourcecode.c.objc; path = ViewController.m; sourceTree = "<group>"; };
		EA61225019333EC100309C01 /* Images.xcassets */ = {isa = PBXFileReference; lastKnownFileType = folder.assetcatalog; path = Images.xcassets; sourceTree = "<group>"; };
		EA61225619333EC200309C01 /* StopWatchTests.xctest */ = {isa = PBXFileReference; explicitFileType = wrapper.cfbundle; includeInIndex = 0; path = StopWatchTests.xctest; sourceTree = BUILT_PRODUCTS_DIR; };
		EA61225719333EC200309C01 /* XCTest.framework */ = {isa = PBXFileReference; lastKnownFileType = wrapper.framework; name = XCTest.framework; path = Library/Frameworks/XCTest.framework; sourceTree = DEVELOPER_DIR; };
		EA61225F19333EC200309C01 /* StopWatchTests-Info.plist */ = {isa = PBXFileReference; lastKnownFileType = text.plist.xml; path = "StopWatchTests-Info.plist"; sourceTree = "<group>"; };
		EA61226119333EC200309C01 /* en */ = {isa = PBXFileReference; lastKnownFileType = text.plist.strings; name = en; path = en.lproj/InfoPlist.strings; sourceTree = "<group>"; };
		EA61226319333EC200309C01 /* StopWatchTests.m */ = {isa = PBXFileReference; lastKnownFileType = sourcecode.c.objc; path = StopWatchTests.m; sourceTree = "<group>"; };
		EA61226D1933444900309C01 /* README.md */ = {isa = PBXFileReference; fileEncoding = 4; lastKnownFileType = text; path = README.md; sourceTree = "<group>"; };
/* End PBXFileReference section */

/* Begin PBXFrameworksBuildPhase section */
		EA61223219333EC100309C01 /* Frameworks */ = {
			isa = PBXFrameworksBuildPhase;
			buildActionMask = 2147483647;
			files = (
				EA61223B19333EC100309C01 /* CoreGraphics.framework in Frameworks */,
				EA61223D19333EC100309C01 /* UIKit.framework in Frameworks */,
				EA61223919333EC100309C01 /* Foundation.framework in Frameworks */,
			);
			runOnlyForDeploymentPostprocessing = 0;
		};
		EA61225319333EC200309C01 /* Frameworks */ = {
			isa = PBXFrameworksBuildPhase;
			buildActionMask = 2147483647;
			files = (
				EA61225819333EC200309C01 /* XCTest.framework in Frameworks */,
				EA61225A19333EC200309C01 /* UIKit.framework in Frameworks */,
				EA61225919333EC200309C01 /* Foundation.framework in Frameworks */,
			);
			runOnlyForDeploymentPostprocessing = 0;
		};
/* End PBXFrameworksBuildPhase section */

/* Begin PBXGroup section */
		EA61222C19333EC100309C01 = {
			isa = PBXGroup;
			children = (
				EA61226D1933444900309C01 /* README.md */,
				EA61223E19333EC100309C01 /* StopWatch */,
				EA61225D19333EC200309C01 /* StopWatchTests */,
				EA61223719333EC100309C01 /* Frameworks */,
				EA61223619333EC100309C01 /* Products */,
			);
			sourceTree = "<group>";
		};
		EA61223619333EC100309C01 /* Products */ = {
			isa = PBXGroup;
			children = (
				EA61223519333EC100309C01 /* StopWatch.app */,
				EA61225619333EC200309C01 /* StopWatchTests.xctest */,
			);
			name = Products;
			sourceTree = "<group>";
		};
		EA61223719333EC100309C01 /* Frameworks */ = {
			isa = PBXGroup;
			children = (
				EA61223819333EC100309C01 /* Foundation.framework */,
				EA61223A19333EC100309C01 /* CoreGraphics.framework */,
				EA61223C19333EC100309C01 /* UIKit.framework */,
				EA61225719333EC200309C01 /* XCTest.framework */,
			);
			name = Frameworks;
			sourceTree = "<group>";
		};
		EA61223E19333EC100309C01 /* StopWatch */ = {
			isa = PBXGroup;
			children = (
				EA61224719333EC100309C01 /* AppDelegate.h */,
				EA61224819333EC100309C01 /* AppDelegate.m */,
				EA61224A19333EC100309C01 /* Main.storyboard */,
				EA61224D19333EC100309C01 /* ViewController.h */,
				EA61224E19333EC100309C01 /* ViewController.m */,
				EA61225019333EC100309C01 /* Images.xcassets */,
				EA61223F19333EC100309C01 /* Supporting Files */,
			);
			path = StopWatch;
			sourceTree = "<group>";
		};
		EA61223F19333EC100309C01 /* Supporting Files */ = {
			isa = PBXGroup;
			children = (
				EA61224019333EC100309C01 /* StopWatch-Info.plist */,
				EA61224119333EC100309C01 /* InfoPlist.strings */,
				EA61224419333EC100309C01 /* main.m */,
				EA61224619333EC100309C01 /* StopWatch-Prefix.pch */,
			);
			name = "Supporting Files";
			sourceTree = "<group>";
		};
		EA61225D19333EC200309C01 /* StopWatchTests */ = {
			isa = PBXGroup;
			children = (
				EA61226319333EC200309C01 /* StopWatchTests.m */,
				EA61225E19333EC200309C01 /* Supporting Files */,
			);
			path = StopWatchTests;
			sourceTree = "<group>";
		};
		EA61225E19333EC200309C01 /* Supporting Files */ = {
			isa = PBXGroup;
			children = (
				EA61225F19333EC200309C01 /* StopWatchTests-Info.plist */,
				EA61226019333EC200309C01 /* InfoPlist.strings */,
			);
			name = "Supporting Files";
			sourceTree = "<group>";
		};
/* End PBXGroup section */

/* Begin PBXNativeTarget section */
		EA61223419333EC100309C01 /* StopWatch */ = {
			isa = PBXNativeTarget;
			buildConfigurationList = EA61226719333EC200309C01 /* Build configuration list for PBXNativeTarget "StopWatch" */;
			buildPhases = (
				EA61223119333EC100309C01 /* Sources */,
				EA61223219333EC100309C01 /* Frameworks */,
				EA61223319333EC100309C01 /* Resources */,
			);
			buildRules = (
			);
			dependencies = (
			);
			name = StopWatch;
			productName = StopWatch;
			productReference = EA61223519333EC100309C01 /* StopWatch.app */;
			productType = "com.apple.product-type.application";
		};
		EA61225519333EC200309C01 /* StopWatchTests */ = {
			isa = PBXNativeTarget;
			buildConfigurationList = EA61226A19333EC200309C01 /* Build configuration list for PBXNativeTarget "StopWatchTests" */;
			buildPhases = (
				EA61225219333EC200309C01 /* Sources */,
				EA61225319333EC200309C01 /* Frameworks */,
				EA61225419333EC200309C01 /* Resources */,
			);
			buildRules = (
			);
			dependencies = (
				EA61225C19333EC200309C01 /* PBXTargetDependency */,
			);
			name = StopWatchTests;
			productName = StopWatchTests;
			productReference = EA61225619333EC200309C01 /* StopWatchTests.xctest */;
			productType = "com.apple.product-type.bundle.unit-test";
		};
/* End PBXNativeTarget section */

/* Begin PBXProject section */
		EA61222D19333EC100309C01 /* Project object */ = {
			isa = PBXProject;
			attributes = {
				LastUpgradeCheck = 0510;
				ORGANIZATIONNAME = rootls;
				TargetAttributes = {
					EA61225519333EC200309C01 = {
						TestTargetID = EA61223419333EC100309C01;
					};
				};
			};
			buildConfigurationList = EA61223019333EC100309C01 /* Build configuration list for PBXProject "StopWatch" */;
			compatibilityVersion = "Xcode 3.2";
			developmentRegion = English;
			hasScannedForEncodings = 0;
			knownRegions = (
				en,
				Base,
			);
			mainGroup = EA61222C19333EC100309C01;
			productRefGroup = EA61223619333EC100309C01 /* Products */;
			projectDirPath = "";
			projectRoot = "";
			targets = (
				EA61223419333EC100309C01 /* StopWatch */,
				EA61225519333EC200309C01 /* StopWatchTests */,
			);
		};
/* End PBXProject section */

/* Begin PBXResourcesBuildPhase section */
		EA61223319333EC100309C01 /* Resources */ = {
			isa = PBXResourcesBuildPhase;
			buildActionMask = 2147483647;
			files = (
				EA61225119333EC100309C01 /* Images.xcassets in Resources */,
				EA61224319333EC100309C01 /* InfoPlist.strings in Resources */,
				EA61226E1933444900309C01 /* README.md in Resources */,
				EA61224C19333EC100309C01 /* Main.storyboard in Resources */,
			);
			runOnlyForDeploymentPostprocessing = 0;
		};
		EA61225419333EC200309C01 /* Resources */ = {
			isa = PBXResourcesBuildPhase;
			buildActionMask = 2147483647;
			files = (
				EA61226219333EC200309C01 /* InfoPlist.strings in Resources */,
			);
			runOnlyForDeploymentPostprocessing = 0;
		};
/* End PBXResourcesBuildPhase section */

/* Begin PBXSourcesBuildPhase section */
		EA61223119333EC100309C01 /* Sources */ = {
			isa = PBXSourcesBuildPhase;
			buildActionMask = 2147483647;
			files = (
				EA61224F19333EC100309C01 /* ViewController.m in Sources */,
				EA61224919333EC100309C01 /* AppDelegate.m in Sources */,
				EA61224519333EC100309C01 /* main.m in Sources */,
			);
			runOnlyForDeploymentPostprocessing = 0;
		};
		EA61225219333EC200309C01 /* Sources */ = {
			isa = PBXSourcesBuildPhase;
			buildActionMask = 2147483647;
			files = (
				EA61226419333EC200309C01 /* StopWatchTests.m in Sources */,
			);
			runOnlyForDeploymentPostprocessing = 0;
		};
/* End PBXSourcesBuildPhase section */

/* Begin PBXTargetDependency section */
		EA61225C19333EC200309C01 /* PBXTargetDependency */ = {
			isa = PBXTargetDependency;
			target = EA61223419333EC100309C01 /* StopWatch */;
			targetProxy = EA61225B19333EC200309C01 /* PBXContainerItemProxy */;
		};
/* End PBXTargetDependency section */

/* Begin PBXVariantGroup section */
		EA61224119333EC100309C01 /* InfoPlist.strings */ = {
			isa = PBXVariantGroup;
			children = (
				EA61224219333EC100309C01 /* en */,
			);
			name = InfoPlist.strings;
			sourceTree = "<group>";
		};
		EA61224A19333EC100309C01 /* Main.storyboard */ = {
			isa = PBXVariantGroup;
			children = (
				EA61224B19333EC100309C01 /* Base */,
			);
			name = Main.storyboard;
			sourceTree = "<group>";
		};
		EA61226019333EC200309C01 /* InfoPlist.strings */ = {
			isa = PBXVariantGroup;
			children = (
				EA61226119333EC200309C01 /* en */,
			);
			name = InfoPlist.strings;
			sourceTree = "<group>";
		};
/* End PBXVariantGroup section */

/* Begin XCBuildConfiguration section */
		EA61226519333EC200309C01 /* Debug */ = {
			isa = XCBuildConfiguration;
			buildSettings = {
				ALWAYS_SEARCH_USER_PATHS = NO;
				CLANG_CXX_LANGUAGE_STANDARD = "gnu++0x";
				CLANG_CXX_LIBRARY = "libc++";
				CLANG_ENABLE_MODULES = YES;
				CLANG_ENABLE_OBJC_ARC = YES;
				CLANG_WARN_BOOL_CONVERSION = YES;
				CLANG_WARN_CONSTANT_CONVERSION = YES;
				CLANG_WARN_DIRECT_OBJC_ISA_USAGE = YES_ERROR;
				CLANG_WARN_EMPTY_BODY = YES;
				CLANG_WARN_ENUM_CONVERSION = YES;
				CLANG_WARN_INT_CONVERSION = YES;
				CLANG_WARN_OBJC_ROOT_CLASS = YES_ERROR;
				CLANG_WARN__DUPLICATE_METHOD_MATCH = YES;
				"CODE_SIGN_IDENTITY[sdk=iphoneos*]" = "iPhone Developer";
				COPY_PHASE_STRIP = NO;
				GCC_C_LANGUAGE_STANDARD = gnu99;
				GCC_DYNAMIC_NO_PIC = NO;
				GCC_OPTIMIZATION_LEVEL = 0;
				GCC_PREPROCESSOR_DEFINITIONS = (
					"DEBUG=1",
					"$(inherited)",
				);
				GCC_SYMBOLS_PRIVATE_EXTERN = NO;
				GCC_WARN_64_TO_32_BIT_CONVERSION = YES;
				GCC_WARN_ABOUT_RETURN_TYPE = YES_ERROR;
				GCC_WARN_UNDECLARED_SELECTOR = YES;
				GCC_WARN_UNINITIALIZED_AUTOS = YES_AGGRESSIVE;
				GCC_WARN_UNUSED_FUNCTION = YES;
				GCC_WARN_UNUSED_VARIABLE = YES;
				IPHONEOS_DEPLOYMENT_TARGET = 7.1;
				ONLY_ACTIVE_ARCH = YES;
				SDKROOT = iphoneos;
			};
			name = Debug;
		};
		EA61226619333EC200309C01 /* Release */ = {
			isa = XCBuildConfiguration;
			buildSettings = {
				ALWAYS_SEARCH_USER_PATHS = NO;
				CLANG_CXX_LANGUAGE_STANDARD = "gnu++0x";
				CLANG_CXX_LIBRARY = "libc++";
				CLANG_ENABLE_MODULES = YES;
				CLANG_ENABLE_OBJC_ARC = YES;
				CLANG_WARN_BOOL_CONVERSION = YES;
				CLANG_WARN_CONSTANT_CONVERSION = YES;
				CLANG_WARN_DIRECT_OBJC_ISA_USAGE = YES_ERROR;
				CLANG_WARN_EMPTY_BODY = YES;
				CLANG_WARN_ENUM_CONVERSION = YES;
				CLANG_WARN_INT_CONVERSION = YES;
				CLANG_WARN_OBJC_ROOT_CLASS = YES_ERROR;
				CLANG_WARN__DUPLICATE_METHOD_MATCH = YES;
				"CODE_SIGN_IDENTITY[sdk=iphoneos*]" = "iPhone Developer";
				COPY_PHASE_STRIP = YES;
				ENABLE_NS_ASSERTIONS = NO;
				GCC_C_LANGUAGE_STANDARD = gnu99;
				GCC_WARN_64_TO_32_BIT_CONVERSION = YES;
				GCC_WARN_ABOUT_RETURN_TYPE = YES_ERROR;
				GCC_WARN_UNDECLARED_SELECTOR = YES;
				GCC_WARN_UNINITIALIZED_AUTOS = YES_AGGRESSIVE;
				GCC_WARN_UNUSED_FUNCTION = YES;
				GCC_WARN_UNUSED_VARIABLE = YES;
				IPHONEOS_DEPLOYMENT_TARGET = 7.1;
				SDKROOT = iphoneos;
				VALIDATE_PRODUCT = YES;
			};
			name = Release;
		};
		EA61226819333EC200309C01 /* Debug */ = {
			isa = XCBuildConfiguration;
			buildSettings = {
				ASSETCATALOG_COMPILER_APPICON_NAME = AppIcon;
				ASSETCATALOG_COMPILER_LAUNCHIMAGE_NAME = LaunchImage;
				GCC_PRECOMPILE_PREFIX_HEADER = YES;
				GCC_PREFIX_HEADER = "StopWatch/StopWatch-Prefix.pch";
				INFOPLIST_FILE = "StopWatch/StopWatch-Info.plist";
				PRODUCT_NAME = "$(TARGET_NAME)";
				WRAPPER_EXTENSION = app;
			};
			name = Debug;
		};
		EA61226919333EC200309C01 /* Release */ = {
			isa = XCBuildConfiguration;
			buildSettings = {
				ASSETCATALOG_COMPILER_APPICON_NAME = AppIcon;
				ASSETCATALOG_COMPILER_LAUNCHIMAGE_NAME = LaunchImage;
				GCC_PRECOMPILE_PREFIX_HEADER = YES;
				GCC_PREFIX_HEADER = "StopWatch/StopWatch-Prefix.pch";
				INFOPLIST_FILE = "StopWatch/StopWatch-Info.plist";
				PRODUCT_NAME = "$(TARGET_NAME)";
				WRAPPER_EXTENSION = app;
			};
			name = Release;
		};
		EA61226B19333EC200309C01 /* Debug */ = {
			isa = XCBuildConfiguration;
			buildSettings = {
				BUNDLE_LOADER = "$(BUILT_PRODUCTS_DIR)/StopWatch.app/StopWatch";
				FRAMEWORK_SEARCH_PATHS = (
					"$(SDKROOT)/Developer/Library/Frameworks",
					"$(inherited)",
					"$(DEVELOPER_FRAMEWORKS_DIR)",
				);
				GCC_PRECOMPILE_PREFIX_HEADER = YES;
				GCC_PREFIX_HEADER = "StopWatch/StopWatch-Prefix.pch";
				GCC_PREPROCESSOR_DEFINITIONS = (
					"DEBUG=1",
					"$(inherited)",
				);
				INFOPLIST_FILE = "StopWatchTests/StopWatchTests-Info.plist";
				PRODUCT_NAME = "$(TARGET_NAME)";
				TEST_HOST = "$(BUNDLE_LOADER)";
				WRAPPER_EXTENSION = xctest;
			};
			name = Debug;
		};
		EA61226C19333EC200309C01 /* Release */ = {
			isa = XCBuildConfiguration;
			buildSettings = {
				BUNDLE_LOADER = "$(BUILT_PRODUCTS_DIR)/StopWatch.app/StopWatch";
				FRAMEWORK_SEARCH_PATHS = (
					"$(SDKROOT)/Developer/Library/Frameworks",
					"$(inherited)",
					"$(DEVELOPER_FRAMEWORKS_DIR)",
				);
				GCC_PRECOMPILE_PREFIX_HEADER = YES;
				GCC_PREFIX_HEADER = "StopWatch/StopWatch-Prefix.pch";
				INFOPLIST_FILE = "StopWatchTests/StopWatchTests-Info.plist";
				PRODUCT_NAME = "$(TARGET_NAME)";
				TEST_HOST = "$(BUNDLE_LOADER)";
				WRAPPER_EXTENSION = xctest;
			};
			name = Release;
		};
/* End XCBuildConfiguration section */

/* Begin XCConfigurationList section */
		EA61223019333EC100309C01 /* Build configuration list for PBXProject "StopWatch" */ = {
			isa = XCConfigurationList;
			buildConfigurations = (
				EA61226519333EC200309C01 /* Debug */,
				EA61226619333EC200309C01 /* Release */,
			);
			defaultConfigurationIsVisible = 0;
			defaultConfigurationName = Release;
		};
		EA61226719333EC200309C01 /* Build configuration list for PBXNativeTarget "StopWatch" */ = {
			isa = XCConfigurationList;
			buildConfigurations = (
				EA61226819333EC200309C01 /* Debug */,
				EA61226919333EC200309C01 /* Release */,
			);
			defaultConfigurationIsVisible = 0;
		};
		EA61226A19333EC200309C01 /* Build configuration list for PBXNativeTarget "StopWatchTests" */ = {
			isa = XCConfigurationList;
			buildConfigurations = (
				EA61226B19333EC200309C01 /* Debug */,
				EA61226C19333EC200309C01 /* Release */,
			);
			defaultConfigurationIsVisible = 0;
		};
/* End XCConfigurationList section */
	};
	rootObject = EA61222D19333EC100309C01 /* Project object */;
}
