// !$*UTF8*$!
{
	archiveVersion = 1;
	classes = {
	};
	objectVersion = 46;
	objects = {

/* Begin PBXBuildFile section */
		EA47C619192DD973009179CF /* UIKit.framework in Frameworks */ = {isa = PBXBuildFile; fileRef = EA47C618192DD973009179CF /* UIKit.framework */; };
		EA47C61B192DD973009179CF /* Foundation.framework in Frameworks */ = {isa = PBXBuildFile; fileRef = EA47C61A192DD973009179CF /* Foundation.framework */; };
		EA47C61D192DD973009179CF /* CoreGraphics.framework in Frameworks */ = {isa = PBXBuildFile; fileRef = EA47C61C192DD973009179CF /* CoreGraphics.framework */; };
		EA47C623192DD973009179CF /* InfoPlist.strings in Resources */ = {isa = PBXBuildFile; fileRef = EA47C621192DD973009179CF /* InfoPlist.strings */; };
		EA47C625192DD973009179CF /* main.m in Sources */ = {isa = PBXBuildFile; fileRef = EA47C624192DD973009179CF /* main.m */; };
		EA47C629192DD973009179CF /* DPAppDelegate.m in Sources */ = {isa = PBXBuildFile; fileRef = EA47C628192DD973009179CF /* DPAppDelegate.m */; };
		EA47C62B192DD973009179CF /* Default.png in Resources */ = {isa = PBXBuildFile; fileRef = EA47C62A192DD973009179CF /* Default.png */; };
		EA47C62D192DD973009179CF /* Default@2x.png in Resources */ = {isa = PBXBuildFile; fileRef = EA47C62C192DD973009179CF /* Default@2x.png */; };
		EA47C62F192DD973009179CF /* Default-568h@2x.png in Resources */ = {isa = PBXBuildFile; fileRef = EA47C62E192DD973009179CF /* Default-568h@2x.png */; };
		EA47C632192DD973009179CF /* MainStoryboard.storyboard in Resources */ = {isa = PBXBuildFile; fileRef = EA47C630192DD973009179CF /* MainStoryboard.storyboard */; };
		EA47C635192DD973009179CF /* DPViewController.m in Sources */ = {isa = PBXBuildFile; fileRef = EA47C634192DD973009179CF /* DPViewController.m */; };
		EA47C63C192DDEB4009179CF /* README.md in Resources */ = {isa = PBXBuildFile; fileRef = EA47C63B192DDEB4009179CF /* README.md */; };
		EA47C63E192DDED1009179CF /* doc in Resources */ = {isa = PBXBuildFile; fileRef = EA47C63D192DDED1009179CF /* doc */; };
/* End PBXBuildFile section */

/* Begin PBXFileReference section */
		EA47C615192DD973009179CF /* DatePickDemo.app */ = {isa = PBXFileReference; explicitFileType = wrapper.application; includeInIndex = 0; path = DatePickDemo.app; sourceTree = BUILT_PRODUCTS_DIR; };
		EA47C618192DD973009179CF /* UIKit.framework */ = {isa = PBXFileReference; lastKnownFileType = wrapper.framework; name = UIKit.framework; path = System/Library/Frameworks/UIKit.framework; sourceTree = SDKROOT; };
		EA47C61A192DD973009179CF /* Foundation.framework */ = {isa = PBXFileReference; lastKnownFileType = wrapper.framework; name = Foundation.framework; path = System/Library/Frameworks/Foundation.framework; sourceTree = SDKROOT; };
		EA47C61C192DD973009179CF /* CoreGraphics.framework */ = {isa = PBXFileReference; lastKnownFileType = wrapper.framework; name = CoreGraphics.framework; path = System/Library/Frameworks/CoreGraphics.framework; sourceTree = SDKROOT; };
		EA47C620192DD973009179CF /* DatePickDemo-Info.plist */ = {isa = PBXFileReference; lastKnownFileType = text.plist.xml; path = "DatePickDemo-Info.plist"; sourceTree = "<group>"; };
		EA47C622192DD973009179CF /* en */ = {isa = PBXFileReference; lastKnownFileType = text.plist.strings; name = en; path = en.lproj/InfoPlist.strings; sourceTree = "<group>"; };
		EA47C624192DD973009179CF /* main.m */ = {isa = PBXFileReference; lastKnownFileType = sourcecode.c.objc; path = main.m; sourceTree = "<group>"; };
		EA47C626192DD973009179CF /* DatePickDemo-Prefix.pch */ = {isa = PBXFileReference; lastKnownFileType = sourcecode.c.h; path = "DatePickDemo-Prefix.pch"; sourceTree = "<group>"; };
		EA47C627192DD973009179CF /* DPAppDelegate.h */ = {isa = PBXFileReference; lastKnownFileType = sourcecode.c.h; path = DPAppDelegate.h; sourceTree = "<group>"; };
		EA47C628192DD973009179CF /* DPAppDelegate.m */ = {isa = PBXFileReference; lastKnownFileType = sourcecode.c.objc; path = DPAppDelegate.m; sourceTree = "<group>"; };
		EA47C62A192DD973009179CF /* Default.png */ = {isa = PBXFileReference; lastKnownFileType = image.png; path = Default.png; sourceTree = "<group>"; };
		EA47C62C192DD973009179CF /* Default@2x.png */ = {isa = PBXFileReference; lastKnownFileType = image.png; path = "Default@2x.png"; sourceTree = "<group>"; };
		EA47C62E192DD973009179CF /* Default-568h@2x.png */ = {isa = PBXFileReference; lastKnownFileType = image.png; path = "Default-568h@2x.png"; sourceTree = "<group>"; };
		EA47C631192DD973009179CF /* en */ = {isa = PBXFileReference; lastKnownFileType = file.storyboard; name = en; path = en.lproj/MainStoryboard.storyboard; sourceTree = "<group>"; };
		EA47C633192DD973009179CF /* DPViewController.h */ = {isa = PBXFileReference; lastKnownFileType = sourcecode.c.h; path = DPViewController.h; sourceTree = "<group>"; };
		EA47C634192DD973009179CF /* DPViewController.m */ = {isa = PBXFileReference; lastKnownFileType = sourcecode.c.objc; path = DPViewController.m; sourceTree = "<group>"; };
		EA47C63B192DDEB4009179CF /* README.md */ = {isa = PBXFileReference; fileEncoding = 4; lastKnownFileType = text; path = README.md; sourceTree = "<group>"; };
		EA47C63D192DDED1009179CF /* doc */ = {isa = PBXFileReference; lastKnownFileType = folder; path = doc; sourceTree = "<group>"; };
/* End PBXFileReference section */

/* Begin PBXFrameworksBuildPhase section */
		EA47C612192DD973009179CF /* Frameworks */ = {
			isa = PBXFrameworksBuildPhase;
			buildActionMask = 2147483647;
			files = (
				EA47C619192DD973009179CF /* UIKit.framework in Frameworks */,
				EA47C61B192DD973009179CF /* Foundation.framework in Frameworks */,
				EA47C61D192DD973009179CF /* CoreGraphics.framework in Frameworks */,
			);
			runOnlyForDeploymentPostprocessing = 0;
		};
/* End PBXFrameworksBuildPhase section */

/* Begin PBXGroup section */
		EA47C60C192DD973009179CF = {
			isa = PBXGroup;
			children = (
				EA47C61E192DD973009179CF /* DatePickDemo */,
				EA47C617192DD973009179CF /* Frameworks */,
				EA47C616192DD973009179CF /* Products */,
				EA47C63B192DDEB4009179CF /* README.md */,
				EA47C63D192DDED1009179CF /* doc */,
			);
			sourceTree = "<group>";
		};
		EA47C616192DD973009179CF /* Products */ = {
			isa = PBXGroup;
			children = (
				EA47C615192DD973009179CF /* DatePickDemo.app */,
			);
			name = Products;
			sourceTree = "<group>";
		};
		EA47C617192DD973009179CF /* Frameworks */ = {
			isa = PBXGroup;
			children = (
				EA47C618192DD973009179CF /* UIKit.framework */,
				EA47C61A192DD973009179CF /* Foundation.framework */,
				EA47C61C192DD973009179CF /* CoreGraphics.framework */,
			);
			name = Frameworks;
			sourceTree = "<group>";
		};
		EA47C61E192DD973009179CF /* DatePickDemo */ = {
			isa = PBXGroup;
			children = (
				EA47C627192DD973009179CF /* DPAppDelegate.h */,
				EA47C628192DD973009179CF /* DPAppDelegate.m */,
				EA47C630192DD973009179CF /* MainStoryboard.storyboard */,
				EA47C633192DD973009179CF /* DPViewController.h */,
				EA47C634192DD973009179CF /* DPViewController.m */,
				EA47C61F192DD973009179CF /* Supporting Files */,
			);
			path = DatePickDemo;
			sourceTree = "<group>";
		};
		EA47C61F192DD973009179CF /* Supporting Files */ = {
			isa = PBXGroup;
			children = (
				EA47C620192DD973009179CF /* DatePickDemo-Info.plist */,
				EA47C621192DD973009179CF /* InfoPlist.strings */,
				EA47C624192DD973009179CF /* main.m */,
				EA47C626192DD973009179CF /* DatePickDemo-Prefix.pch */,
				EA47C62A192DD973009179CF /* Default.png */,
				EA47C62C192DD973009179CF /* Default@2x.png */,
				EA47C62E192DD973009179CF /* Default-568h@2x.png */,
			);
			name = "Supporting Files";
			sourceTree = "<group>";
		};
/* End PBXGroup section */

/* Begin PBXNativeTarget section */
		EA47C614192DD973009179CF /* DatePickDemo */ = {
			isa = PBXNativeTarget;
			buildConfigurationList = EA47C638192DD973009179CF /* Build configuration list for PBXNativeTarget "DatePickDemo" */;
			buildPhases = (
				EA47C611192DD973009179CF /* Sources */,
				EA47C612192DD973009179CF /* Frameworks */,
				EA47C613192DD973009179CF /* Resources */,
			);
			buildRules = (
			);
			dependencies = (
			);
			name = DatePickDemo;
			productName = DatePickDemo;
			productReference = EA47C615192DD973009179CF /* DatePickDemo.app */;
			productType = "com.apple.product-type.application";
		};
/* End PBXNativeTarget section */

/* Begin PBXProject section */
		EA47C60D192DD973009179CF /* Project object */ = {
			isa = PBXProject;
			attributes = {
				CLASSPREFIX = DP;
				LastUpgradeCheck = 0460;
				ORGANIZATIONNAME = rootls;
			};
			buildConfigurationList = EA47C610192DD973009179CF /* Build configuration list for PBXProject "DatePickDemo" */;
			compatibilityVersion = "Xcode 3.2";
			developmentRegion = English;
			hasScannedForEncodings = 0;
			knownRegions = (
				en,
			);
			mainGroup = EA47C60C192DD973009179CF;
			productRefGroup = EA47C616192DD973009179CF /* Products */;
			projectDirPath = "";
			projectRoot = "";
			targets = (
				EA47C614192DD973009179CF /* DatePickDemo */,
			);
		};
/* End PBXProject section */

/* Begin PBXResourcesBuildPhase section */
		EA47C613192DD973009179CF /* Resources */ = {
			isa = PBXResourcesBuildPhase;
			buildActionMask = 2147483647;
			files = (
				EA47C623192DD973009179CF /* InfoPlist.strings in Resources */,
				EA47C62B192DD973009179CF /* Default.png in Resources */,
				EA47C62D192DD973009179CF /* Default@2x.png in Resources */,
				EA47C62F192DD973009179CF /* Default-568h@2x.png in Resources */,
				EA47C632192DD973009179CF /* MainStoryboard.storyboard in Resources */,
				EA47C63C192DDEB4009179CF /* README.md in Resources */,
				EA47C63E192DDED1009179CF /* doc in Resources */,
			);
			runOnlyForDeploymentPostprocessing = 0;
		};
/* End PBXResourcesBuildPhase section */

/* Begin PBXSourcesBuildPhase section */
		EA47C611192DD973009179CF /* Sources */ = {
			isa = PBXSourcesBuildPhase;
			buildActionMask = 2147483647;
			files = (
				EA47C625192DD973009179CF /* main.m in Sources */,
				EA47C629192DD973009179CF /* DPAppDelegate.m in Sources */,
				EA47C635192DD973009179CF /* DPViewController.m in Sources */,
			);
			runOnlyForDeploymentPostprocessing = 0;
		};
/* End PBXSourcesBuildPhase section */

/* Begin PBXVariantGroup section */
		EA47C621192DD973009179CF /* InfoPlist.strings */ = {
			isa = PBXVariantGroup;
			children = (
				EA47C622192DD973009179CF /* en */,
			);
			name = InfoPlist.strings;
			sourceTree = "<group>";
		};
		EA47C630192DD973009179CF /* MainStoryboard.storyboard */ = {
			isa = PBXVariantGroup;
			children = (
				EA47C631192DD973009179CF /* en */,
			);
			name = MainStoryboard.storyboard;
			sourceTree = "<group>";
		};
/* End PBXVariantGroup section */

/* Begin XCBuildConfiguration section */
		EA47C636192DD973009179CF /* Debug */ = {
			isa = XCBuildConfiguration;
			buildSettings = {
				ALWAYS_SEARCH_USER_PATHS = NO;
				CLANG_CXX_LANGUAGE_STANDARD = "gnu++0x";
				CLANG_CXX_LIBRARY = "libc++";
				CLANG_ENABLE_OBJC_ARC = YES;
				CLANG_WARN_CONSTANT_CONVERSION = YES;
				CLANG_WARN_EMPTY_BODY = YES;
				CLANG_WARN_ENUM_CONVERSION = YES;
				CLANG_WARN_INT_CONVERSION = YES;
				CLANG_WARN__DUPLICATE_METHOD_MATCH = YES;
				"CODE_SIGN_IDENTITY[sdk=iphoneos*]" = "iPhone Developer";
				COPY_PHASE_STRIP = NO;
				GCC_C_LANGUAGE_STANDARD = gnu99;
				GCC_DYNAMIC_NO_PIC = NO;
				GCC_OPTIMIZATION_LEVEL = 0;
				GCC_PREPROCESSOR_DEFINITIONS = (
					"DEBUG=1",
					"$(inherited)",
				);
				GCC_SYMBOLS_PRIVATE_EXTERN = NO;
				GCC_WARN_ABOUT_RETURN_TYPE = YES;
				GCC_WARN_UNINITIALIZED_AUTOS = YES;
				GCC_WARN_UNUSED_VARIABLE = YES;
				IPHONEOS_DEPLOYMENT_TARGET = 6.1;
				ONLY_ACTIVE_ARCH = YES;
				SDKROOT = iphoneos;
			};
			name = Debug;
		};
		EA47C637192DD973009179CF /* Release */ = {
			isa = XCBuildConfiguration;
			buildSettings = {
				ALWAYS_SEARCH_USER_PATHS = NO;
				CLANG_CXX_LANGUAGE_STANDARD = "gnu++0x";
				CLANG_CXX_LIBRARY = "libc++";
				CLANG_ENABLE_OBJC_ARC = YES;
				CLANG_WARN_CONSTANT_CONVERSION = YES;
				CLANG_WARN_EMPTY_BODY = YES;
				CLANG_WARN_ENUM_CONVERSION = YES;
				CLANG_WARN_INT_CONVERSION = YES;
				CLANG_WARN__DUPLICATE_METHOD_MATCH = YES;
				"CODE_SIGN_IDENTITY[sdk=iphoneos*]" = "iPhone Developer";
				COPY_PHASE_STRIP = YES;
				GCC_C_LANGUAGE_STANDARD = gnu99;
				GCC_WARN_ABOUT_RETURN_TYPE = YES;
				GCC_WARN_UNINITIALIZED_AUTOS = YES;
				GCC_WARN_UNUSED_VARIABLE = YES;
				IPHONEOS_DEPLOYMENT_TARGET = 6.1;
				OTHER_CFLAGS = "-DNS_BLOCK_ASSERTIONS=1";
				SDKROOT = iphoneos;
				VALIDATE_PRODUCT = YES;
			};
			name = Release;
		};
		EA47C639192DD973009179CF /* Debug */ = {
			isa = XCBuildConfiguration;
			buildSettings = {
				GCC_PRECOMPILE_PREFIX_HEADER = YES;
				GCC_PREFIX_HEADER = "DatePickDemo/DatePickDemo-Prefix.pch";
				INFOPLIST_FILE = "DatePickDemo/DatePickDemo-Info.plist";
				PRODUCT_NAME = "$(TARGET_NAME)";
				WRAPPER_EXTENSION = app;
			};
			name = Debug;
		};
		EA47C63A192DD973009179CF /* Release */ = {
			isa = XCBuildConfiguration;
			buildSettings = {
				GCC_PRECOMPILE_PREFIX_HEADER = YES;
				GCC_PREFIX_HEADER = "DatePickDemo/DatePickDemo-Prefix.pch";
				INFOPLIST_FILE = "DatePickDemo/DatePickDemo-Info.plist";
				PRODUCT_NAME = "$(TARGET_NAME)";
				WRAPPER_EXTENSION = app;
			};
			name = Release;
		};
/* End XCBuildConfiguration section */

/* Begin XCConfigurationList section */
		EA47C610192DD973009179CF /* Build configuration list for PBXProject "DatePickDemo" */ = {
			isa = XCConfigurationList;
			buildConfigurations = (
				EA47C636192DD973009179CF /* Debug */,
				EA47C637192DD973009179CF /* Release */,
			);
			defaultConfigurationIsVisible = 0;
			defaultConfigurationName = Release;
		};
		EA47C638192DD973009179CF /* Build configuration list for PBXNativeTarget "DatePickDemo" */ = {
			isa = XCConfigurationList;
			buildConfigurations = (
				EA47C639192DD973009179CF /* Debug */,
				EA47C63A192DD973009179CF /* Release */,
			);
			defaultConfigurationIsVisible = 0;
		};
/* End XCConfigurationList section */
	};
	rootObject = EA47C60D192DD973009179CF /* Project object */;
}
