// !$*UTF8*$!
{
	archiveVersion = 1;
	classes = {
	};
	objectVersion = 46;
	objects = {

/* Begin PBXBuildFile section */
		EA6F6C29192E506A00EEBF1F /* UIKit.framework in Frameworks */ = {isa = PBXBuildFile; fileRef = EA6F6C28192E506A00EEBF1F /* UIKit.framework */; };
		EA6F6C2B192E506A00EEBF1F /* Foundation.framework in Frameworks */ = {isa = PBXBuildFile; fileRef = EA6F6C2A192E506A00EEBF1F /* Foundation.framework */; };
		EA6F6C2D192E506A00EEBF1F /* CoreGraphics.framework in Frameworks */ = {isa = PBXBuildFile; fileRef = EA6F6C2C192E506A00EEBF1F /* CoreGraphics.framework */; };
		EA6F6C33192E506A00EEBF1F /* InfoPlist.strings in Resources */ = {isa = PBXBuildFile; fileRef = EA6F6C31192E506A00EEBF1F /* InfoPlist.strings */; };
		EA6F6C35192E506A00EEBF1F /* main.m in Sources */ = {isa = PBXBuildFile; fileRef = EA6F6C34192E506A00EEBF1F /* main.m */; };
		EA6F6C39192E506A00EEBF1F /* UserDataAppDelegate.m in Sources */ = {isa = PBXBuildFile; fileRef = EA6F6C38192E506A00EEBF1F /* UserDataAppDelegate.m */; };
		EA6F6C3B192E506A00EEBF1F /* Default.png in Resources */ = {isa = PBXBuildFile; fileRef = EA6F6C3A192E506A00EEBF1F /* Default.png */; };
		EA6F6C3D192E506A00EEBF1F /* Default@2x.png in Resources */ = {isa = PBXBuildFile; fileRef = EA6F6C3C192E506A00EEBF1F /* Default@2x.png */; };
		EA6F6C3F192E506A00EEBF1F /* Default-568h@2x.png in Resources */ = {isa = PBXBuildFile; fileRef = EA6F6C3E192E506A00EEBF1F /* Default-568h@2x.png */; };
		EA6F6C42192E506A00EEBF1F /* MainStoryboard.storyboard in Resources */ = {isa = PBXBuildFile; fileRef = EA6F6C40192E506A00EEBF1F /* MainStoryboard.storyboard */; };
		EA6F6C45192E506A00EEBF1F /* UserDataViewController.m in Sources */ = {isa = PBXBuildFile; fileRef = EA6F6C44192E506A00EEBF1F /* UserDataViewController.m */; };
		EA6F6C4C192E5ECD00EEBF1F /* README.md in Resources */ = {isa = PBXBuildFile; fileRef = EA6F6C4B192E5ECD00EEBF1F /* README.md */; };
		EA6F6C4E192E5F6300EEBF1F /* doc in Resources */ = {isa = PBXBuildFile; fileRef = EA6F6C4D192E5F6300EEBF1F /* doc */; };
/* End PBXBuildFile section */

/* Begin PBXFileReference section */
		EA6F6C25192E506A00EEBF1F /* UserData.app */ = {isa = PBXFileReference; explicitFileType = wrapper.application; includeInIndex = 0; path = UserData.app; sourceTree = BUILT_PRODUCTS_DIR; };
		EA6F6C28192E506A00EEBF1F /* UIKit.framework */ = {isa = PBXFileReference; lastKnownFileType = wrapper.framework; name = UIKit.framework; path = System/Library/Frameworks/UIKit.framework; sourceTree = SDKROOT; };
		EA6F6C2A192E506A00EEBF1F /* Foundation.framework */ = {isa = PBXFileReference; lastKnownFileType = wrapper.framework; name = Foundation.framework; path = System/Library/Frameworks/Foundation.framework; sourceTree = SDKROOT; };
		EA6F6C2C192E506A00EEBF1F /* CoreGraphics.framework */ = {isa = PBXFileReference; lastKnownFileType = wrapper.framework; name = CoreGraphics.framework; path = System/Library/Frameworks/CoreGraphics.framework; sourceTree = SDKROOT; };
		EA6F6C30192E506A00EEBF1F /* UserData-Info.plist */ = {isa = PBXFileReference; lastKnownFileType = text.plist.xml; path = "UserData-Info.plist"; sourceTree = "<group>"; };
		EA6F6C32192E506A00EEBF1F /* en */ = {isa = PBXFileReference; lastKnownFileType = text.plist.strings; name = en; path = en.lproj/InfoPlist.strings; sourceTree = "<group>"; };
		EA6F6C34192E506A00EEBF1F /* main.m */ = {isa = PBXFileReference; lastKnownFileType = sourcecode.c.objc; path = main.m; sourceTree = "<group>"; };
		EA6F6C36192E506A00EEBF1F /* UserData-Prefix.pch */ = {isa = PBXFileReference; lastKnownFileType = sourcecode.c.h; path = "UserData-Prefix.pch"; sourceTree = "<group>"; };
		EA6F6C37192E506A00EEBF1F /* UserDataAppDelegate.h */ = {isa = PBXFileReference; lastKnownFileType = sourcecode.c.h; path = UserDataAppDelegate.h; sourceTree = "<group>"; };
		EA6F6C38192E506A00EEBF1F /* UserDataAppDelegate.m */ = {isa = PBXFileReference; lastKnownFileType = sourcecode.c.objc; path = UserDataAppDelegate.m; sourceTree = "<group>"; };
		EA6F6C3A192E506A00EEBF1F /* Default.png */ = {isa = PBXFileReference; lastKnownFileType = image.png; path = Default.png; sourceTree = "<group>"; };
		EA6F6C3C192E506A00EEBF1F /* Default@2x.png */ = {isa = PBXFileReference; lastKnownFileType = image.png; path = "Default@2x.png"; sourceTree = "<group>"; };
		EA6F6C3E192E506A00EEBF1F /* Default-568h@2x.png */ = {isa = PBXFileReference; lastKnownFileType = image.png; path = "Default-568h@2x.png"; sourceTree = "<group>"; };
		EA6F6C41192E506A00EEBF1F /* en */ = {isa = PBXFileReference; lastKnownFileType = file.storyboard; name = en; path = en.lproj/MainStoryboard.storyboard; sourceTree = "<group>"; };
		EA6F6C43192E506A00EEBF1F /* UserDataViewController.h */ = {isa = PBXFileReference; lastKnownFileType = sourcecode.c.h; path = UserDataViewController.h; sourceTree = "<group>"; };
		EA6F6C44192E506A00EEBF1F /* UserDataViewController.m */ = {isa = PBXFileReference; lastKnownFileType = sourcecode.c.objc; path = UserDataViewController.m; sourceTree = "<group>"; };
		EA6F6C4B192E5ECD00EEBF1F /* README.md */ = {isa = PBXFileReference; fileEncoding = 4; lastKnownFileType = text; path = README.md; sourceTree = "<group>"; };
		EA6F6C4D192E5F6300EEBF1F /* doc */ = {isa = PBXFileReference; lastKnownFileType = folder; path = doc; sourceTree = "<group>"; };
/* End PBXFileReference section */

/* Begin PBXFrameworksBuildPhase section */
		EA6F6C22192E506A00EEBF1F /* Frameworks */ = {
			isa = PBXFrameworksBuildPhase;
			buildActionMask = 2147483647;
			files = (
				EA6F6C29192E506A00EEBF1F /* UIKit.framework in Frameworks */,
				EA6F6C2B192E506A00EEBF1F /* Foundation.framework in Frameworks */,
				EA6F6C2D192E506A00EEBF1F /* CoreGraphics.framework in Frameworks */,
			);
			runOnlyForDeploymentPostprocessing = 0;
		};
/* End PBXFrameworksBuildPhase section */

/* Begin PBXGroup section */
		EA6F6C1C192E506A00EEBF1F = {
			isa = PBXGroup;
			children = (
				EA6F6C4B192E5ECD00EEBF1F /* README.md */,
				EA6F6C2E192E506A00EEBF1F /* UserData */,
				EA6F6C27192E506A00EEBF1F /* Frameworks */,
				EA6F6C26192E506A00EEBF1F /* Products */,
				EA6F6C4D192E5F6300EEBF1F /* doc */,
			);
			sourceTree = "<group>";
		};
		EA6F6C26192E506A00EEBF1F /* Products */ = {
			isa = PBXGroup;
			children = (
				EA6F6C25192E506A00EEBF1F /* UserData.app */,
			);
			name = Products;
			sourceTree = "<group>";
		};
		EA6F6C27192E506A00EEBF1F /* Frameworks */ = {
			isa = PBXGroup;
			children = (
				EA6F6C28192E506A00EEBF1F /* UIKit.framework */,
				EA6F6C2A192E506A00EEBF1F /* Foundation.framework */,
				EA6F6C2C192E506A00EEBF1F /* CoreGraphics.framework */,
			);
			name = Frameworks;
			sourceTree = "<group>";
		};
		EA6F6C2E192E506A00EEBF1F /* UserData */ = {
			isa = PBXGroup;
			children = (
				EA6F6C37192E506A00EEBF1F /* UserDataAppDelegate.h */,
				EA6F6C38192E506A00EEBF1F /* UserDataAppDelegate.m */,
				EA6F6C40192E506A00EEBF1F /* MainStoryboard.storyboard */,
				EA6F6C43192E506A00EEBF1F /* UserDataViewController.h */,
				EA6F6C44192E506A00EEBF1F /* UserDataViewController.m */,
				EA6F6C2F192E506A00EEBF1F /* Supporting Files */,
			);
			path = UserData;
			sourceTree = "<group>";
		};
		EA6F6C2F192E506A00EEBF1F /* Supporting Files */ = {
			isa = PBXGroup;
			children = (
				EA6F6C30192E506A00EEBF1F /* UserData-Info.plist */,
				EA6F6C31192E506A00EEBF1F /* InfoPlist.strings */,
				EA6F6C34192E506A00EEBF1F /* main.m */,
				EA6F6C36192E506A00EEBF1F /* UserData-Prefix.pch */,
				EA6F6C3A192E506A00EEBF1F /* Default.png */,
				EA6F6C3C192E506A00EEBF1F /* Default@2x.png */,
				EA6F6C3E192E506A00EEBF1F /* Default-568h@2x.png */,
			);
			name = "Supporting Files";
			sourceTree = "<group>";
		};
/* End PBXGroup section */

/* Begin PBXNativeTarget section */
		EA6F6C24192E506A00EEBF1F /* UserData */ = {
			isa = PBXNativeTarget;
			buildConfigurationList = EA6F6C48192E506A00EEBF1F /* Build configuration list for PBXNativeTarget "UserData" */;
			buildPhases = (
				EA6F6C21192E506A00EEBF1F /* Sources */,
				EA6F6C22192E506A00EEBF1F /* Frameworks */,
				EA6F6C23192E506A00EEBF1F /* Resources */,
			);
			buildRules = (
			);
			dependencies = (
			);
			name = UserData;
			productName = UserData;
			productReference = EA6F6C25192E506A00EEBF1F /* UserData.app */;
			productType = "com.apple.product-type.application";
		};
/* End PBXNativeTarget section */

/* Begin PBXProject section */
		EA6F6C1D192E506A00EEBF1F /* Project object */ = {
			isa = PBXProject;
			attributes = {
				CLASSPREFIX = UserData;
				LastUpgradeCheck = 0460;
				ORGANIZATIONNAME = rootls;
			};
			buildConfigurationList = EA6F6C20192E506A00EEBF1F /* Build configuration list for PBXProject "UserData" */;
			compatibilityVersion = "Xcode 3.2";
			developmentRegion = English;
			hasScannedForEncodings = 0;
			knownRegions = (
				en,
			);
			mainGroup = EA6F6C1C192E506A00EEBF1F;
			productRefGroup = EA6F6C26192E506A00EEBF1F /* Products */;
			projectDirPath = "";
			projectRoot = "";
			targets = (
				EA6F6C24192E506A00EEBF1F /* UserData */,
			);
		};
/* End PBXProject section */

/* Begin PBXResourcesBuildPhase section */
		EA6F6C23192E506A00EEBF1F /* Resources */ = {
			isa = PBXResourcesBuildPhase;
			buildActionMask = 2147483647;
			files = (
				EA6F6C33192E506A00EEBF1F /* InfoPlist.strings in Resources */,
				EA6F6C3B192E506A00EEBF1F /* Default.png in Resources */,
				EA6F6C3D192E506A00EEBF1F /* Default@2x.png in Resources */,
				EA6F6C3F192E506A00EEBF1F /* Default-568h@2x.png in Resources */,
				EA6F6C42192E506A00EEBF1F /* MainStoryboard.storyboard in Resources */,
				EA6F6C4C192E5ECD00EEBF1F /* README.md in Resources */,
				EA6F6C4E192E5F6300EEBF1F /* doc in Resources */,
			);
			runOnlyForDeploymentPostprocessing = 0;
		};
/* End PBXResourcesBuildPhase section */

/* Begin PBXSourcesBuildPhase section */
		EA6F6C21192E506A00EEBF1F /* Sources */ = {
			isa = PBXSourcesBuildPhase;
			buildActionMask = 2147483647;
			files = (
				EA6F6C35192E506A00EEBF1F /* main.m in Sources */,
				EA6F6C39192E506A00EEBF1F /* UserDataAppDelegate.m in Sources */,
				EA6F6C45192E506A00EEBF1F /* UserDataViewController.m in Sources */,
			);
			runOnlyForDeploymentPostprocessing = 0;
		};
/* End PBXSourcesBuildPhase section */

/* Begin PBXVariantGroup section */
		EA6F6C31192E506A00EEBF1F /* InfoPlist.strings */ = {
			isa = PBXVariantGroup;
			children = (
				EA6F6C32192E506A00EEBF1F /* en */,
			);
			name = InfoPlist.strings;
			sourceTree = "<group>";
		};
		EA6F6C40192E506A00EEBF1F /* MainStoryboard.storyboard */ = {
			isa = PBXVariantGroup;
			children = (
				EA6F6C41192E506A00EEBF1F /* en */,
			);
			name = MainStoryboard.storyboard;
			sourceTree = "<group>";
		};
/* End PBXVariantGroup section */

/* Begin XCBuildConfiguration section */
		EA6F6C46192E506A00EEBF1F /* Debug */ = {
			isa = XCBuildConfiguration;
			buildSettings = {
				ALWAYS_SEARCH_USER_PATHS = NO;
				CLANG_CXX_LANGUAGE_STANDARD = "gnu++0x";
				CLANG_CXX_LIBRARY = "libc++";
				CLANG_ENABLE_OBJC_ARC = YES;
				CLANG_WARN_CONSTANT_CONVERSION = YES;
				CLANG_WARN_EMPTY_BODY = YES;
				CLANG_WARN_ENUM_CONVERSION = YES;
				CLANG_WARN_INT_CONVERSION = YES;
				CLANG_WARN__DUPLICATE_METHOD_MATCH = YES;
				"CODE_SIGN_IDENTITY[sdk=iphoneos*]" = "iPhone Developer";
				COPY_PHASE_STRIP = NO;
				GCC_C_LANGUAGE_STANDARD = gnu99;
				GCC_DYNAMIC_NO_PIC = NO;
				GCC_OPTIMIZATION_LEVEL = 0;
				GCC_PREPROCESSOR_DEFINITIONS = (
					"DEBUG=1",
					"$(inherited)",
				);
				GCC_SYMBOLS_PRIVATE_EXTERN = NO;
				GCC_WARN_ABOUT_RETURN_TYPE = YES;
				GCC_WARN_UNINITIALIZED_AUTOS = YES;
				GCC_WARN_UNUSED_VARIABLE = YES;
				IPHONEOS_DEPLOYMENT_TARGET = 6.1;
				ONLY_ACTIVE_ARCH = YES;
				SDKROOT = iphoneos;
			};
			name = Debug;
		};
		EA6F6C47192E506A00EEBF1F /* Release */ = {
			isa = XCBuildConfiguration;
			buildSettings = {
				ALWAYS_SEARCH_USER_PATHS = NO;
				CLANG_CXX_LANGUAGE_STANDARD = "gnu++0x";
				CLANG_CXX_LIBRARY = "libc++";
				CLANG_ENABLE_OBJC_ARC = YES;
				CLANG_WARN_CONSTANT_CONVERSION = YES;
				CLANG_WARN_EMPTY_BODY = YES;
				CLANG_WARN_ENUM_CONVERSION = YES;
				CLANG_WARN_INT_CONVERSION = YES;
				CLANG_WARN__DUPLICATE_METHOD_MATCH = YES;
				"CODE_SIGN_IDENTITY[sdk=iphoneos*]" = "iPhone Developer";
				COPY_PHASE_STRIP = YES;
				GCC_C_LANGUAGE_STANDARD = gnu99;
				GCC_WARN_ABOUT_RETURN_TYPE = YES;
				GCC_WARN_UNINITIALIZED_AUTOS = YES;
				GCC_WARN_UNUSED_VARIABLE = YES;
				IPHONEOS_DEPLOYMENT_TARGET = 6.1;
				OTHER_CFLAGS = "-DNS_BLOCK_ASSERTIONS=1";
				SDKROOT = iphoneos;
				VALIDATE_PRODUCT = YES;
			};
			name = Release;
		};
		EA6F6C49192E506A00EEBF1F /* Debug */ = {
			isa = XCBuildConfiguration;
			buildSettings = {
				GCC_PRECOMPILE_PREFIX_HEADER = YES;
				GCC_PREFIX_HEADER = "UserData/UserData-Prefix.pch";
				INFOPLIST_FILE = "UserData/UserData-Info.plist";
				PRODUCT_NAME = "$(TARGET_NAME)";
				WRAPPER_EXTENSION = app;
			};
			name = Debug;
		};
		EA6F6C4A192E506A00EEBF1F /* Release */ = {
			isa = XCBuildConfiguration;
			buildSettings = {
				GCC_PRECOMPILE_PREFIX_HEADER = YES;
				GCC_PREFIX_HEADER = "UserData/UserData-Prefix.pch";
				INFOPLIST_FILE = "UserData/UserData-Info.plist";
				PRODUCT_NAME = "$(TARGET_NAME)";
				WRAPPER_EXTENSION = app;
			};
			name = Release;
		};
/* End XCBuildConfiguration section */

/* Begin XCConfigurationList section */
		EA6F6C20192E506A00EEBF1F /* Build configuration list for PBXProject "UserData" */ = {
			isa = XCConfigurationList;
			buildConfigurations = (
				EA6F6C46192E506A00EEBF1F /* Debug */,
				EA6F6C47192E506A00EEBF1F /* Release */,
			);
			defaultConfigurationIsVisible = 0;
			defaultConfigurationName = Release;
		};
		EA6F6C48192E506A00EEBF1F /* Build configuration list for PBXNativeTarget "UserData" */ = {
			isa = XCConfigurationList;
			buildConfigurations = (
				EA6F6C49192E506A00EEBF1F /* Debug */,
				EA6F6C4A192E506A00EEBF1F /* Release */,
			);
			defaultConfigurationIsVisible = 0;
		};
/* End XCConfigurationList section */
	};
	rootObject = EA6F6C1D192E506A00EEBF1F /* Project object */;
}
